// !$*UTF8*$!
{
	archiveVersion = 1;
	classes = {
	};
	objectVersion = 48;
	objects = {

/* Begin PBXBuildFile section */
		270AE142E3B8EE58B318DF21 /* Pods_RxSwift_Badge.framework in Frameworks */ = {isa = PBXBuildFile; fileRef = C814F0FF34B48E7B8ACC4ADA /* Pods_RxSwift_Badge.framework */; };
		B21508A3206929870058C73A /* AppDelegate.swift in Sources */ = {isa = PBXBuildFile; fileRef = B21508A2206929870058C73A /* AppDelegate.swift */; };
		B21508A8206929870058C73A /* Main.storyboard in Resources */ = {isa = PBXBuildFile; fileRef = B21508A6206929870058C73A /* Main.storyboard */; };
		B21508AA206929870058C73A /* Assets.xcassets in Resources */ = {isa = PBXBuildFile; fileRef = B21508A9206929870058C73A /* Assets.xcassets */; };
		B21508AD206929870058C73A /* LaunchScreen.storyboard in Resources */ = {isa = PBXBuildFile; fileRef = B21508AB206929870058C73A /* LaunchScreen.storyboard */; };
		B21508B820692B6D0058C73A /* BadgeSelectorViewModel.swift in Sources */ = {isa = PBXBuildFile; fileRef = B21508B720692B6D0058C73A /* BadgeSelectorViewModel.swift */; };
		B21508BA206BE4440058C73A /* SelectedBadgesModel.swift in Sources */ = {isa = PBXBuildFile; fileRef = B21508B9206BE4440058C73A /* SelectedBadgesModel.swift */; };
		B21508BC206BE61D0058C73A /* Badge.swift in Sources */ = {isa = PBXBuildFile; fileRef = B21508BB206BE61D0058C73A /* Badge.swift */; };
		B21508BF206BEC630058C73A /* BadgeSelectorWireframe.swift in Sources */ = {isa = PBXBuildFile; fileRef = B21508BE206BEC630058C73A /* BadgeSelectorWireframe.swift */; };
		B21508C1206BF3BD0058C73A /* SelectedBadgesViewModel.swift in Sources */ = {isa = PBXBuildFile; fileRef = B21508C0206BF3BD0058C73A /* SelectedBadgesViewModel.swift */; };
		B21508C3206BFDB20058C73A /* SelectableBadgesViewModel.swift in Sources */ = {isa = PBXBuildFile; fileRef = B21508C2206BFDB20058C73A /* SelectableBadgesViewModel.swift */; };
/* End PBXBuildFile section */

/* Begin PBXFileReference section */
		08A7F9160B8AD062CBC9E072 /* Pods-RxSwift_Badge.debug.xcconfig */ = {isa = PBXFileReference; includeInIndex = 1; lastKnownFileType = text.xcconfig; name = "Pods-RxSwift_Badge.debug.xcconfig"; path = "Pods/Target Support Files/Pods-RxSwift_Badge/Pods-RxSwift_Badge.debug.xcconfig"; sourceTree = "<group>"; };
		2F793553F0E35FA65E81D21D /* Pods-RxSwift_Badge.release.xcconfig */ = {isa = PBXFileReference; includeInIndex = 1; lastKnownFileType = text.xcconfig; name = "Pods-RxSwift_Badge.release.xcconfig"; path = "Pods/Target Support Files/Pods-RxSwift_Badge/Pods-RxSwift_Badge.release.xcconfig"; sourceTree = "<group>"; };
		B215089F206929870058C73A /* RxSwift_Badge.app */ = {isa = PBXFileReference; explicitFileType = wrapper.application; includeInIndex = 0; path = RxSwift_Badge.app; sourceTree = BUILT_PRODUCTS_DIR; };
		B21508A2206929870058C73A /* AppDelegate.swift */ = {isa = PBXFileReference; lastKnownFileType = sourcecode.swift; path = AppDelegate.swift; sourceTree = "<group>"; };
		B21508A7206929870058C73A /* Base */ = {isa = PBXFileReference; lastKnownFileType = file.storyboard; name = Base; path = Base.lproj/Main.storyboard; sourceTree = "<group>"; };
		B21508A9206929870058C73A /* Assets.xcassets */ = {isa = PBXFileReference; lastKnownFileType = folder.assetcatalog; path = Assets.xcassets; sourceTree = "<group>"; };
		B21508AC206929870058C73A /* Base */ = {isa = PBXFileReference; lastKnownFileType = file.storyboard; name = Base; path = Base.lproj/LaunchScreen.storyboard; sourceTree = "<group>"; };
		B21508AE206929870058C73A /* Info.plist */ = {isa = PBXFileReference; lastKnownFileType = text.plist.xml; path = Info.plist; sourceTree = "<group>"; };
		B21508B720692B6D0058C73A /* BadgeSelectorViewModel.swift */ = {isa = PBXFileReference; lastKnownFileType = sourcecode.swift; path = BadgeSelectorViewModel.swift; sourceTree = "<group>"; };
		B21508B9206BE4440058C73A /* SelectedBadgesModel.swift */ = {isa = PBXFileReference; lastKnownFileType = sourcecode.swift; path = SelectedBadgesModel.swift; sourceTree = "<group>"; };
		B21508BB206BE61D0058C73A /* Badge.swift */ = {isa = PBXFileReference; lastKnownFileType = sourcecode.swift; path = Badge.swift; sourceTree = "<group>"; };
		B21508BE206BEC630058C73A /* BadgeSelectorWireframe.swift */ = {isa = PBXFileReference; lastKnownFileType = sourcecode.swift; path = BadgeSelectorWireframe.swift; sourceTree = "<group>"; };
		B21508C0206BF3BD0058C73A /* SelectedBadgesViewModel.swift */ = {isa = PBXFileReference; lastKnownFileType = sourcecode.swift; path = SelectedBadgesViewModel.swift; sourceTree = "<group>"; };
		B21508C2206BFDB20058C73A /* SelectableBadgesViewModel.swift */ = {isa = PBXFileReference; lastKnownFileType = sourcecode.swift; path = SelectableBadgesViewModel.swift; sourceTree = "<group>"; };
		C814F0FF34B48E7B8ACC4ADA /* Pods_RxSwift_Badge.framework */ = {isa = PBXFileReference; explicitFileType = wrapper.framework; includeInIndex = 0; path = Pods_RxSwift_Badge.framework; sourceTree = BUILT_PRODUCTS_DIR; };
/* End PBXFileReference section */

/* Begin PBXFrameworksBuildPhase section */
		B215089C206929870058C73A /* Frameworks */ = {
			isa = PBXFrameworksBuildPhase;
			buildActionMask = 2147483647;
			files = (
				270AE142E3B8EE58B318DF21 /* Pods_RxSwift_Badge.framework in Frameworks */,
			);
			runOnlyForDeploymentPostprocessing = 0;
		};
/* End PBXFrameworksBuildPhase section */

/* Begin PBXGroup section */
		4BBB2973B3D4796243BB4494 /* Frameworks */ = {
			isa = PBXGroup;
			children = (
				C814F0FF34B48E7B8ACC4ADA /* Pods_RxSwift_Badge.framework */,
			);
			name = Frameworks;
			sourceTree = "<group>";
		};
		6FEB1D0D1483370DAD2D155C /* Pods */ = {
			isa = PBXGroup;
			children = (
				08A7F9160B8AD062CBC9E072 /* Pods-RxSwift_Badge.debug.xcconfig */,
				2F793553F0E35FA65E81D21D /* Pods-RxSwift_Badge.release.xcconfig */,
			);
			name = Pods;
			sourceTree = "<group>";
		};
		B2150896206929870058C73A = {
			isa = PBXGroup;
			children = (
				B21508A1206929870058C73A /* RxSwift_Badge */,
				B21508A0206929870058C73A /* Products */,
				6FEB1D0D1483370DAD2D155C /* Pods */,
				4BBB2973B3D4796243BB4494 /* Frameworks */,
			);
			sourceTree = "<group>";
		};
		B21508A0206929870058C73A /* Products */ = {
			isa = PBXGroup;
			children = (
				B215089F206929870058C73A /* RxSwift_Badge.app */,
			);
			name = Products;
			sourceTree = "<group>";
		};
		B21508A1206929870058C73A /* RxSwift_Badge */ = {
			isa = PBXGroup;
			children = (
				B21508BD206BEC390058C73A /* Wireframes */,
				B21508B620692B010058C73A /* Model */,
				B21508B520692AFC0058C73A /* View */,
				B21508B420692AEE0058C73A /* ViewModel */,
				B21508A2206929870058C73A /* AppDelegate.swift */,
				B21508A6206929870058C73A /* Main.storyboard */,
				B21508A9206929870058C73A /* Assets.xcassets */,
				B21508AB206929870058C73A /* LaunchScreen.storyboard */,
				B21508AE206929870058C73A /* Info.plist */,
			);
			path = RxSwift_Badge;
			sourceTree = "<group>";
		};
		B21508B420692AEE0058C73A /* ViewModel */ = {
			isa = PBXGroup;
			children = (
				B21508B720692B6D0058C73A /* BadgeSelectorViewModel.swift */,
				B21508C0206BF3BD0058C73A /* SelectedBadgesViewModel.swift */,
				B21508C2206BFDB20058C73A /* SelectableBadgesViewModel.swift */,
			);
			path = ViewModel;
			sourceTree = "<group>";
		};
		B21508B520692AFC0058C73A /* View */ = {
			isa = PBXGroup;
			children = (
			);
			path = View;
			sourceTree = "<group>";
		};
		B21508B620692B010058C73A /* Model */ = {
			isa = PBXGroup;
			children = (
				B21508B9206BE4440058C73A /* SelectedBadgesModel.swift */,
				B21508BB206BE61D0058C73A /* Badge.swift */,
			);
			path = Model;
			sourceTree = "<group>";
		};
		B21508BD206BEC390058C73A /* Wireframes */ = {
			isa = PBXGroup;
			children = (
				B21508BE206BEC630058C73A /* BadgeSelectorWireframe.swift */,
			);
			path = Wireframes;
			sourceTree = "<group>";
		};
/* End PBXGroup section */

/* Begin PBXNativeTarget section */
		B215089E206929870058C73A /* RxSwift_Badge */ = {
			isa = PBXNativeTarget;
			buildConfigurationList = B21508B1206929870058C73A /* Build configuration list for PBXNativeTarget "RxSwift_Badge" */;
			buildPhases = (
				4957CEE181A0ACD1796380E6 /* [CP] Check Pods Manifest.lock */,
				B215089B206929870058C73A /* Sources */,
				B215089C206929870058C73A /* Frameworks */,
				B215089D206929870058C73A /* Resources */,
				5308B3178707A842454CC7D8 /* [CP] Embed Pods Frameworks */,
				DA8AFA7736B7EDB949A6D2C6 /* [CP] Copy Pods Resources */,
			);
			buildRules = (
			);
			dependencies = (
			);
			name = RxSwift_Badge;
			productName = RxSwift_Badge;
			productReference = B215089F206929870058C73A /* RxSwift_Badge.app */;
			productType = "com.apple.product-type.application";
		};
/* End PBXNativeTarget section */

/* Begin PBXProject section */
		B2150897206929870058C73A /* Project object */ = {
			isa = PBXProject;
			attributes = {
				LastSwiftUpdateCheck = 0920;
				LastUpgradeCheck = 0920;
				ORGANIZATIONNAME = "佐藤賢";
				TargetAttributes = {
					B215089E206929870058C73A = {
						CreatedOnToolsVersion = 9.2;
						ProvisioningStyle = Automatic;
					};
				};
			};
			buildConfigurationList = B215089A206929870058C73A /* Build configuration list for PBXProject "RxSwift_Badge" */;
			compatibilityVersion = "Xcode 8.0";
			developmentRegion = en;
			hasScannedForEncodings = 0;
			knownRegions = (
				en,
				Base,
			);
			mainGroup = B2150896206929870058C73A;
			productRefGroup = B21508A0206929870058C73A /* Products */;
			projectDirPath = "";
			projectRoot = "";
			targets = (
				B215089E206929870058C73A /* RxSwift_Badge */,
			);
		};
/* End PBXProject section */

/* Begin PBXResourcesBuildPhase section */
		B215089D206929870058C73A /* Resources */ = {
			isa = PBXResourcesBuildPhase;
			buildActionMask = 2147483647;
			files = (
				B21508AD206929870058C73A /* LaunchScreen.storyboard in Resources */,
				B21508AA206929870058C73A /* Assets.xcassets in Resources */,
				B21508A8206929870058C73A /* Main.storyboard in Resources */,
			);
			runOnlyForDeploymentPostprocessing = 0;
		};
/* End PBXResourcesBuildPhase section */

/* Begin PBXShellScriptBuildPhase section */
		4957CEE181A0ACD1796380E6 /* [CP] Check Pods Manifest.lock */ = {
			isa = PBXShellScriptBuildPhase;
			buildActionMask = 2147483647;
			files = (
			);
			inputPaths = (
				"${PODS_PODFILE_DIR_PATH}/Podfile.lock",
				"${PODS_ROOT}/Manifest.lock",
			);
			name = "[CP] Check Pods Manifest.lock";
			outputPaths = (
				"$(DERIVED_FILE_DIR)/Pods-RxSwift_Badge-checkManifestLockResult.txt",
			);
			runOnlyForDeploymentPostprocessing = 0;
			shellPath = /bin/sh;
			shellScript = "diff \"${PODS_PODFILE_DIR_PATH}/Podfile.lock\" \"${PODS_ROOT}/Manifest.lock\" > /dev/null\nif [ $? != 0 ] ; then\n    # print error to STDERR\n    echo \"error: The sandbox is not in sync with the Podfile.lock. Run 'pod install' or update your CocoaPods installation.\" >&2\n    exit 1\nfi\n# This output is used by Xcode 'outputs' to avoid re-running this script phase.\necho \"SUCCESS\" > \"${SCRIPT_OUTPUT_FILE_0}\"\n";
			showEnvVarsInLog = 0;
		};
		5308B3178707A842454CC7D8 /* [CP] Embed Pods Frameworks */ = {
			isa = PBXShellScriptBuildPhase;
			buildActionMask = 2147483647;
			files = (
			);
			inputPaths = (
				"${SRCROOT}/Pods/Target Support Files/Pods-RxSwift_Badge/Pods-RxSwift_Badge-frameworks.sh",
				"${BUILT_PRODUCTS_DIR}/Differentiator/Differentiator.framework",
				"${BUILT_PRODUCTS_DIR}/RxCocoa/RxCocoa.framework",
				"${BUILT_PRODUCTS_DIR}/RxDataSources/RxDataSources.framework",
				"${BUILT_PRODUCTS_DIR}/RxSwift/RxSwift.framework",
			);
			name = "[CP] Embed Pods Frameworks";
			outputPaths = (
				"${TARGET_BUILD_DIR}/${FRAMEWORKS_FOLDER_PATH}/Differentiator.framework",
				"${TARGET_BUILD_DIR}/${FRAMEWORKS_FOLDER_PATH}/RxCocoa.framework",
				"${TARGET_BUILD_DIR}/${FRAMEWORKS_FOLDER_PATH}/RxDataSources.framework",
				"${TARGET_BUILD_DIR}/${FRAMEWORKS_FOLDER_PATH}/RxSwift.framework",
			);
			runOnlyForDeploymentPostprocessing = 0;
			shellPath = /bin/sh;
			shellScript = "\"${SRCROOT}/Pods/Target Support Files/Pods-RxSwift_Badge/Pods-RxSwift_Badge-frameworks.sh\"\n";
			showEnvVarsInLog = 0;
		};
		DA8AFA7736B7EDB949A6D2C6 /* [CP] Copy Pods Resources */ = {
			isa = PBXShellScriptBuildPhase;
			buildActionMask = 2147483647;
			files = (
			);
			inputPaths = (
			);
			name = "[CP] Copy Pods Resources";
			outputPaths = (
			);
			runOnlyForDeploymentPostprocessing = 0;
			shellPath = /bin/sh;
			shellScript = "\"${SRCROOT}/Pods/Target Support Files/Pods-RxSwift_Badge/Pods-RxSwift_Badge-resources.sh\"\n";
			showEnvVarsInLog = 0;
		};
/* End PBXShellScriptBuildPhase section */

/* Begin PBXSourcesBuildPhase section */
		B215089B206929870058C73A /* Sources */ = {
			isa = PBXSourcesBuildPhase;
			buildActionMask = 2147483647;
			files = (
				B21508A3206929870058C73A /* AppDelegate.swift in Sources */,
				B21508C1206BF3BD0058C73A /* SelectedBadgesViewModel.swift in Sources */,
				B21508BC206BE61D0058C73A /* Badge.swift in Sources */,
				B21508B820692B6D0058C73A /* BadgeSelectorViewModel.swift in Sources */,
				B21508C3206BFDB20058C73A /* SelectableBadgesViewModel.swift in Sources */,
				B21508BF206BEC630058C73A /* BadgeSelectorWireframe.swift in Sources */,
				B21508BA206BE4440058C73A /* SelectedBadgesModel.swift in Sources */,
			);
			runOnlyForDeploymentPostprocessing = 0;
		};
/* End PBXSourcesBuildPhase section */

/* Begin PBXVariantGroup section */
		B21508A6206929870058C73A /* Main.storyboard */ = {
			isa = PBXVariantGroup;
			children = (
				B21508A7206929870058C73A /* Base */,
			);
			name = Main.storyboard;
			sourceTree = "<group>";
		};
		B21508AB206929870058C73A /* LaunchScreen.storyboard */ = {
			isa = PBXVariantGroup;
			children = (
				B21508AC206929870058C73A /* Base */,
			);
			name = LaunchScreen.storyboard;
			sourceTree = "<group>";
		};
/* End PBXVariantGroup section */

/* Begin XCBuildConfiguration section */
		B21508AF206929870058C73A /* Debug */ = {
			isa = XCBuildConfiguration;
			buildSettings = {
				ALWAYS_SEARCH_USER_PATHS = NO;
				CLANG_ANALYZER_NONNULL = YES;
				CLANG_ANALYZER_NUMBER_OBJECT_CONVERSION = YES_AGGRESSIVE;
				CLANG_CXX_LANGUAGE_STANDARD = "gnu++14";
				CLANG_CXX_LIBRARY = "libc++";
				CLANG_ENABLE_MODULES = YES;
				CLANG_ENABLE_OBJC_ARC = YES;
				CLANG_WARN_BLOCK_CAPTURE_AUTORELEASING = YES;
				CLANG_WARN_BOOL_CONVERSION = YES;
				CLANG_WARN_COMMA = YES;
				CLANG_WARN_CONSTANT_CONVERSION = YES;
				CLANG_WARN_DIRECT_OBJC_ISA_USAGE = YES_ERROR;
				CLANG_WARN_DOCUMENTATION_COMMENTS = YES;
				CLANG_WARN_EMPTY_BODY = YES;
				CLANG_WARN_ENUM_CONVERSION = YES;
				CLANG_WARN_INFINITE_RECURSION = YES;
				CLANG_WARN_INT_CONVERSION = YES;
				CLANG_WARN_NON_LITERAL_NULL_CONVERSION = YES;
				CLANG_WARN_OBJC_LITERAL_CONVERSION = YES;
				CLANG_WARN_OBJC_ROOT_CLASS = YES_ERROR;
				CLANG_WARN_RANGE_LOOP_ANALYSIS = YES;
				CLANG_WARN_STRICT_PROTOTYPES = YES;
				CLANG_WARN_SUSPICIOUS_MOVE = YES;
				CLANG_WARN_UNGUARDED_AVAILABILITY = YES_AGGRESSIVE;
				CLANG_WARN_UNREACHABLE_CODE = YES;
				CLANG_WARN__DUPLICATE_METHOD_MATCH = YES;
				CODE_SIGN_IDENTITY = "iPhone Developer";
				COPY_PHASE_STRIP = NO;
				DEBUG_INFORMATION_FORMAT = dwarf;
				ENABLE_STRICT_OBJC_MSGSEND = YES;
				ENABLE_TESTABILITY = YES;
				GCC_C_LANGUAGE_STANDARD = gnu11;
				GCC_DYNAMIC_NO_PIC = NO;
				GCC_NO_COMMON_BLOCKS = YES;
				GCC_OPTIMIZATION_LEVEL = 0;
				GCC_PREPROCESSOR_DEFINITIONS = (
					"DEBUG=1",
					"$(inherited)",
				);
				GCC_WARN_64_TO_32_BIT_CONVERSION = YES;
				GCC_WARN_ABOUT_RETURN_TYPE = YES_ERROR;
				GCC_WARN_UNDECLARED_SELECTOR = YES;
				GCC_WARN_UNINITIALIZED_AUTOS = YES_AGGRESSIVE;
				GCC_WARN_UNUSED_FUNCTION = YES;
				GCC_WARN_UNUSED_VARIABLE = YES;
				IPHONEOS_DEPLOYMENT_TARGET = 11.2;
				MTL_ENABLE_DEBUG_INFO = YES;
				ONLY_ACTIVE_ARCH = YES;
				SDKROOT = iphoneos;
				SWIFT_ACTIVE_COMPILATION_CONDITIONS = DEBUG;
				SWIFT_OPTIMIZATION_LEVEL = "-Onone";
			};
			name = Debug;
		};
		B21508B0206929870058C73A /* Release */ = {
			isa = XCBuildConfiguration;
			buildSettings = {
				ALWAYS_SEARCH_USER_PATHS = NO;
				CLANG_ANALYZER_NONNULL = YES;
				CLANG_ANALYZER_NUMBER_OBJECT_CONVERSION = YES_AGGRESSIVE;
				CLANG_CXX_LANGUAGE_STANDARD = "gnu++14";
				CLANG_CXX_LIBRARY = "libc++";
				CLANG_ENABLE_MODULES = YES;
				CLANG_ENABLE_OBJC_ARC = YES;
				CLANG_WARN_BLOCK_CAPTURE_AUTORELEASING = YES;
				CLANG_WARN_BOOL_CONVERSION = YES;
				CLANG_WARN_COMMA = YES;
				CLANG_WARN_CONSTANT_CONVERSION = YES;
				CLANG_WARN_DIRECT_OBJC_ISA_USAGE = YES_ERROR;
				CLANG_WARN_DOCUMENTATION_COMMENTS = YES;
				CLANG_WARN_EMPTY_BODY = YES;
				CLANG_WARN_ENUM_CONVERSION = YES;
				CLANG_WARN_INFINITE_RECURSION = YES;
				CLANG_WARN_INT_CONVERSION = YES;
				CLANG_WARN_NON_LITERAL_NULL_CONVERSION = YES;
				CLANG_WARN_OBJC_LITERAL_CONVERSION = YES;
				CLANG_WARN_OBJC_ROOT_CLASS = YES_ERROR;
				CLANG_WARN_RANGE_LOOP_ANALYSIS = YES;
				CLANG_WARN_STRICT_PROTOTYPES = YES;
				CLANG_WARN_SUSPICIOUS_MOVE = YES;
				CLANG_WARN_UNGUARDED_AVAILABILITY = YES_AGGRESSIVE;
				CLANG_WARN_UNREACHABLE_CODE = YES;
				CLANG_WARN__DUPLICATE_METHOD_MATCH = YES;
				CODE_SIGN_IDENTITY = "iPhone Developer";
				COPY_PHASE_STRIP = NO;
				DEBUG_INFORMATION_FORMAT = "dwarf-with-dsym";
				ENABLE_NS_ASSERTIONS = NO;
				ENABLE_STRICT_OBJC_MSGSEND = YES;
				GCC_C_LANGUAGE_STANDARD = gnu11;
				GCC_NO_COMMON_BLOCKS = YES;
				GCC_WARN_64_TO_32_BIT_CONVERSION = YES;
				GCC_WARN_ABOUT_RETURN_TYPE = YES_ERROR;
				GCC_WARN_UNDECLARED_SELECTOR = YES;
				GCC_WARN_UNINITIALIZED_AUTOS = YES_AGGRESSIVE;
				GCC_WARN_UNUSED_FUNCTION = YES;
				GCC_WARN_UNUSED_VARIABLE = YES;
				IPHONEOS_DEPLOYMENT_TARGET = 11.2;
				MTL_ENABLE_DEBUG_INFO = NO;
				SDKROOT = iphoneos;
				SWIFT_OPTIMIZATION_LEVEL = "-Owholemodule";
				VALIDATE_PRODUCT = YES;
			};
			name = Release;
		};
		B21508B2206929870058C73A /* Debug */ = {
			isa = XCBuildConfiguration;
			baseConfigurationReference = 08A7F9160B8AD062CBC9E072 /* Pods-RxSwift_Badge.debug.xcconfig */;
			buildSettings = {
				ASSETCATALOG_COMPILER_APPICON_NAME = AppIcon;
				CODE_SIGN_STYLE = Automatic;
				DEVELOPMENT_TEAM = JL94BNBL3S;
				INFOPLIST_FILE = RxSwift_Badge/Info.plist;
				LD_RUNPATH_SEARCH_PATHS = "$(inherited) @executable_path/Frameworks";
				PRODUCT_BUNDLE_IDENTIFIER = "ken.RxSwift-Badge";
				PRODUCT_NAME = "$(TARGET_NAME)";
				SWIFT_VERSION = 4.0;
				TARGETED_DEVICE_FAMILY = "1,2";
			};
			name = Debug;
		};
		B21508B3206929870058C73A /* Release */ = {
			isa = XCBuildConfiguration;
			baseConfigurationReference = 2F793553F0E35FA65E81D21D /* Pods-RxSwift_Badge.release.xcconfig */;
			buildSettings = {
				ASSETCATALOG_COMPILER_APPICON_NAME = AppIcon;
				CODE_SIGN_STYLE = Automatic;
				DEVELOPMENT_TEAM = JL94BNBL3S;
				INFOPLIST_FILE = RxSwift_Badge/Info.plist;
				LD_RUNPATH_SEARCH_PATHS = "$(inherited) @executable_path/Frameworks";
				PRODUCT_BUNDLE_IDENTIFIER = "ken.RxSwift-Badge";
				PRODUCT_NAME = "$(TARGET_NAME)";
				SWIFT_VERSION = 4.0;
				TARGETED_DEVICE_FAMILY = "1,2";
			};
			name = Release;
		};
/* End XCBuildConfiguration section */

/* Begin XCConfigurationList section */
		B215089A206929870058C73A /* Build configuration list for PBXProject "RxSwift_Badge" */ = {
			isa = XCConfigurationList;
			buildConfigurations = (
				B21508AF206929870058C73A /* Debug */,
				B21508B0206929870058C73A /* Release */,
			);
			defaultConfigurationIsVisible = 0;
			defaultConfigurationName = Release;
		};
		B21508B1206929870058C73A /* Build configuration list for PBXNativeTarget "RxSwift_Badge" */ = {
			isa = XCConfigurationList;
			buildConfigurations = (
				B21508B2206929870058C73A /* Debug */,
				B21508B3206929870058C73A /* Release */,
			);
			defaultConfigurationIsVisible = 0;
			defaultConfigurationName = Release;
		};
/* End XCConfigurationList section */
	};
	rootObject = B2150897206929870058C73A /* Project object */;
}
